lockfileVersion: '9.0'

settings:
  autoInstallPeers: true
  excludeLinksFromLockfile: false

importers:

  .:
    dependencies:
      busabase-sdk:
        specifier: 0.90.2
        version: 0.90.2

packages:

  '@orpc/client@1.15.4':
    resolution: {integrity: sha512-8Iv2K8Rj8hf6xHCTxmQ+gxgiY6EATDossQk4gdt3oSbGVV0x2RSeLtRK9Zry+KVsmOqPJfnLahfRp7H2rQ/Vgg==}

  '@orpc/contract@1.15.4':
    resolution: {integrity: sha512-mxH+kuIsKz7BGsoqDHShnMjKG7GvCMGpvxTtJnkpbowIp2iBz8XiWosiWBybZcUl1Dy9W77TyOk6pNqG5I4D6w==}

  '@orpc/openapi-client@1.15.4':
    resolution: {integrity: sha512-z+8gRUp9bhVuA2tFlzJDCaUbLV/whZec25fmYb0VtP2N6iPfY0d7hYZvX47F/WrcuwaLCTqkbVAzK8Xb2cKF/w==}

  '@orpc/shared@1.15.4':
    resolution: {integrity: sha512-syNylxXmv1WnroSDUvtYjuvu0YMAYzkLTjFPa0CggnaF3DH2YmAnRS5GGGzSPRAbhMtRAXArIoM7GVrRNKHxng==}
    peerDependencies:
      '@opentelemetry/api': '>=1.9.0'
    peerDependenciesMeta:
      '@opentelemetry/api':
        optional: true

  '@orpc/standard-server-fetch@1.15.4':
    resolution: {integrity: sha512-u6zQDx/tUgNUWDQstJMbWkCKsecp9j+4WHWoPmNNuk2PyRdD6FEmvJJs23CAKa5njKu2V8aMzuuL9AW3jechuw==}

  '@orpc/standard-server-peer@1.15.4':
    resolution: {integrity: sha512-qWH7gf+8Iv2oXVIQZIQIvAyk2LYUHcj0CXF+AKF5WzHU22vJInD4FKbl8+UesVU+nT8O+BrVmOXzrQ40TqngpQ==}

  '@orpc/standard-server@1.15.4':
    resolution: {integrity: sha512-woaFpUJavYPiqRQ0Eh716jOHRZ7o84mPpmEPS79bBUJNDilGEj2OBSjbHV2ez4FYdVnEnlbg+rYy7sX3PwwENA==}

  '@standard-schema/spec@1.1.0':
    resolution: {integrity: sha512-l2aFy5jALhniG5HgqrD6jXLi/rUWrKvqN/qJx6yoJsgKhblVd+iqqU4RCXavm/jPityDo5TCvKMnpjKnOriy0w==}

  busabase-sdk@0.90.2:
    resolution: {integrity: sha512-XpJ0ZoDoYq9MyGysuAuO91ooIYiV9JBJHbcm6rNS/8NjOzZZ0o9SMe5NahOPySziE+Wd9nymlfVb1f3Dcn2GHA==}
    engines: {node: '>=24.18.0'}

  openapi-types@12.1.3:
    resolution: {integrity: sha512-N4YtSYJqghVu4iek2ZUvcN/0aqH1kRDuNqzcycDxhOUpg7GdvLa2F3DgS6yBNhInhv2r/6I0Flkn7CqL8+nIcw==}

  radash@12.1.1:
    resolution: {integrity: sha512-h36JMxKRqrAxVD8201FrCpyeNuUY9Y5zZwujr20fFO77tpUtGa6EZzfKw/3WaiBX95fq7+MpsuMLNdSnORAwSA==}
    engines: {node: '>=14.18.0'}

  tagged-tag@1.0.0:
    resolution: {integrity: sha512-yEFYrVhod+hdNyx7g5Bnkkb0G6si8HJurOoOEgC8B/O0uXLHlaey/65KRv6cuWBNhBgHKAROVpc7QyYqE5gFng==}
    engines: {node: '>=20'}

  type-fest@5.10.0:
    resolution: {integrity: sha512-NoSdpq/WEiAg5sjmBkmV/hfxv6HJH4NqPNrqjtSO5CwRmpsDfaf4begxW34KdJykH/l1yHtwBWQkCRdoXO8mPA==}
    engines: {node: '>=20'}

  zod@4.6.5:
    resolution: {integrity: sha512-v5l/aFXZQeai4awLbOpSoHecE9UiMrnfx75tEXLjNonXVARxQ5mOeipTjROUchszUNCqnE+hqAMujRsRHsut2Q==}

snapshots:

  '@orpc/client@1.15.4':
    dependencies:
      '@orpc/shared': 1.15.4
      '@orpc/standard-server': 1.15.4
      '@orpc/standard-server-fetch': 1.15.4
      '@orpc/standard-server-peer': 1.15.4
    transitivePeerDependencies:
      - '@opentelemetry/api'

  '@orpc/contract@1.15.4':
    dependencies:
      '@orpc/client': 1.15.4
      '@orpc/shared': 1.15.4
      '@standard-schema/spec': 1.1.0
      openapi-types: 12.1.3
    transitivePeerDependencies:
      - '@opentelemetry/api'

  '@orpc/openapi-client@1.15.4':
    dependencies:
      '@orpc/client': 1.15.4
      '@orpc/contract': 1.15.4
      '@orpc/shared': 1.15.4
      '@orpc/standard-server': 1.15.4
    transitivePeerDependencies:
      - '@opentelemetry/api'

  '@orpc/shared@1.15.4':
    dependencies:
      radash: 12.1.1
      type-fest: 5.10.0

  '@orpc/standard-server-fetch@1.15.4':
    dependencies:
      '@orpc/shared': 1.15.4
      '@orpc/standard-server': 1.15.4
    transitivePeerDependencies:
      - '@opentelemetry/api'

  '@orpc/standard-server-peer@1.15.4':
    dependencies:
      '@orpc/shared': 1.15.4
      '@orpc/standard-server': 1.15.4
    transitivePeerDependencies:
      - '@opentelemetry/api'

  '@orpc/standard-server@1.15.4':
    dependencies:
      '@orpc/shared': 1.15.4
    transitivePeerDependencies:
      - '@opentelemetry/api'

  '@standard-schema/spec@1.1.0': {}

  busabase-sdk@0.90.2:
    dependencies:
      '@orpc/client': 1.15.4
      '@orpc/contract': 1.15.4
      '@orpc/openapi-client': 1.15.4
      zod: 4.6.5
    transitivePeerDependencies:
      - '@opentelemetry/api'

  openapi-types@12.1.3: {}

  radash@12.1.1: {}

  tagged-tag@1.0.0: {}

  type-fest@5.10.0:
    dependencies:
      tagged-tag: 1.0.0

  zod@4.6.5: {}
